# This file is automatically @generated by Cargo.
# It is not intended for manual editing.
version = 4

[[package]]
name = "ab_glyph"
version = "0.2.29"
source = "registry+https://github.com/rust-lang/crates.io-index"
checksum = "ec3672c180e71eeaaac3a541fbbc5f5ad4def8b747c595ad30d674e43049f7b0"
dependencies = [
 "ab_glyph_rasterizer",
 "owned_ttf_parser",
]

[[package]]
name = "ab_glyph_rasterizer"
version = "0.1.8"
source = "registry+https://github.com/rust-lang/crates.io-index"
checksum = "c71b1793ee61086797f5c80b6efa2b8ffa6d5dd703f118545808a7f2e27f7046"

[[package]]
name = "accesskit"
version = "0.17.1"
source = "registry+https://github.com/rust-lang/crates.io-index"
checksum = "d3d3b8f9bae46a948369bc4a03e815d4ed6d616bd00de4051133a5019dc31c5a"

[[package]]
name = "accesskit_atspi_common"
version = "0.10.1"
source = "registry+https://github.com/rust-lang/crates.io-index"
checksum = "7c5dd55e6e94949498698daf4d48fb5659e824d7abec0d394089656ceaf99d4f"
dependencies = [
 "accesskit",
 "accesskit_consumer",
 "atspi-common",
 "serde",
 "thiserror 1.0.69",
 "zvariant",
]

[[package]]
name = "accesskit_consumer"
version = "0.26.0"
source = "registry+https://github.com/rust-lang/crates.io-index"
checksum = "f47983a1084940ba9a39c077a8c63e55c619388be5476ac04c804cfbd1e63459"
dependencies = [
 "accesskit",
 "hashbrown 0.15.3",
 "immutable-chunkmap",
]

[[package]]
name = "accesskit_macos"
version = "0.18.1"
source = "registry+https://github.com/rust-lang/crates.io-index"
checksum = "7329821f3bd1101e03a7d2e03bd339e3ac0dc64c70b4c9f9ae1949e3ba8dece1"
dependencies = [
 "accesskit",
 "accesskit_consumer",
 "hashbrown 0.15.3",
 "objc2 0.5.2",
 "objc2-app-kit 0.2.2",
 "objc2-foundation 0.2.2",
]

[[package]]
name = "accesskit_unix"
version = "0.13.1"
source = "registry+https://github.com/rust-lang/crates.io-index"
checksum = "fcee751cc20d88678c33edaf9c07e8b693cd02819fe89053776f5313492273f5"
dependencies = [
 "accesskit",
 "accesskit_atspi_common",
 "async-channel",
 "async-executor",
 "async-task",
 "atspi",
 "futures-lite",
 "futures-util",
 "serde",
 "zbus",
]

[[package]]
name = "accesskit_windows"
version = "0.24.1"
source = "registry+https://github.com/rust-lang/crates.io-index"
checksum = "24fcd5d23d70670992b823e735e859374d694a3d12bfd8dd32bd3bd8bedb5d81"
dependencies = [
 "accesskit",
 "accesskit_consumer",
 "hashbrown 0.15.3",
 "paste",
 "static_assertions",
 "windows 0.58.0",
 "windows-core 0.58.0",
]

[[package]]
name = "accesskit_winit"
version = "0.23.1"
source = "registry+https://github.com/rust-lang/crates.io-index"
checksum = "6a6a48dad5530b6deb9fc7a52cc6c3bf72cdd9eb8157ac9d32d69f2427a5e879"
dependencies = [
 "accesskit",
 "accesskit_macos",
 "accesskit_unix",
 "accesskit_windows",
 "raw-window-handle",
 "winit",
]

[[package]]
name = "adler2"
version = "2.0.0"
source = "registry+https://github.com/rust-lang/crates.io-index"
checksum = "512761e0bb2578dd7380c6baaa0f4ce03e84f95e960231d1dec8bf4d7d6e2627"

[[package]]
name = "ahash"
version = "0.8.12"
source = "registry+https://github.com/rust-lang/crates.io-index"
checksum = "5a15f179cd60c4584b8a8c596927aadc462e27f2ca70c04e0071964a73ba7a75"
dependencies = [
 "cfg-if",
 "getrandom 0.3.3",
 "once_cell",
 "version_check",
 "zerocopy",
]

[[package]]
name = "aho-corasick"
version = "1.1.3"
source = "registry+https://github.com/rust-lang/crates.io-index"
checksum = "8e60d3430d3a69478ad0993f19238d2df97c507009a52b3c10addcd7f6bcb916"
dependencies = [
 "memchr",
]

[[package]]
name = "aligned-vec"
version = "0.5.0"
source = "registry+https://github.com/rust-lang/crates.io-index"
checksum = "4aa90d7ce82d4be67b64039a3d588d38dbcc6736577de4a847025ce5b0c468d1"

[[package]]
name = "allocator-api2"
version = "0.2.21"
source = "registry+https://github.com/rust-lang/crates.io-index"
checksum = "683d7910e743518b0e34f1186f92494becacb047c7b6bf616c96772180fef923"

[[package]]
name = "android-activity"
version = "0.6.0"
source = "registry+https://github.com/rust-lang/crates.io-index"
checksum = "ef6978589202a00cd7e118380c448a08b6ed394c3a8df3a430d0898e3a42d046"
dependencies = [
 "android-properties",
 "bitflags 2.9.1",
 "cc",
 "cesu8",
 "jni",
 "jni-sys",
 "libc",
 "log",
 "ndk",
 "ndk-context",
 "ndk-sys",
 "num_enum",
 "thiserror 1.0.69",
]

[[package]]
name = "android-properties"
version = "0.2.2"
source = "registry+https://github.com/rust-lang/crates.io-index"
checksum = "fc7eb209b1518d6bb87b283c20095f5228ecda460da70b44f0802523dea6da04"

[[package]]
name = "android-tzdata"
version = "0.1.1"
source = "registry+https://github.com/rust-lang/crates.io-index"
checksum = "e999941b234f3131b00bc13c22d06e8c5ff726d1b6318ac7eb276997bbb4fef0"

[[package]]
name = "android_system_properties"
version = "0.1.5"
source = "registry+https://github.com/rust-lang/crates.io-index"
checksum = "819e7219dbd41043ac279b19830f2efc897156490d7fd6ea916720117ee66311"
dependencies = [
 "libc",
]

[[package]]
name = "anyhow"
version = "1.0.98"
source = "registry+https://github.com/rust-lang/crates.io-index"
checksum = "e16d2d3311acee920a9eb8d33b8cbc1787ce4a264e85f964c2404b969bdcd487"
